
Microsoft Visual Studio Solution File, Format Version 12.00
# Visual Studio Version 17
VisualStudioVersion = 17.11.35312.102
MinimumVisualStudioVersion = 10.0.40219.1
Project("{FAE04EC0-301F-11D3-BF4B-00C04F79EFBC}") = "Server", "Server\Server.csproj", "{0709F105-E344-42DB-8121-C0D8018A0656}"
EndProject
Global
	GlobalSection(SolutionConfigurationPlatforms) = preSolution
		Debug|Any CPU = Debug|Any CPU
		Release|Any CPU = Release|Any CPU
	EndGlobalSection
	GlobalSection(ProjectConfigurationPlatforms) = postSolution
		{0709F105-E344-42DB-8121-C0D8018A0656}.Debug|Any CPU.ActiveCfg = Debug|Any CPU
		{0709F105-E344-42DB-8121-C0D8018A0656}.Debug|Any CPU.Build.0 = Debug|Any CPU
		{0709F105-E344-42DB-8121-C0D8018A0656}.Release|Any CPU.ActiveCfg = Release|Any CPU
		{0709F105-E344-42DB-8121-C0D8018A0656}.Release|Any CPU.Build.0 = Release|Any CPU
	EndGlobalSection
	GlobalSection(SolutionProperties) = preSolution
		HideSolutionNode = FALSE
	EndGlobalSection
	GlobalSection(ExtensibilityGlobals) = postSolution
		SolutionGuid = {68A0B211-830E-4C5F-9B82-682E453490AC}
	EndGlobalSection
EndGlobal
